{
  "name": "TeamH",
  "lockfileVersion": 3,
  "requires": true,
  "packages": {
    "": {
      "dependencies": {
        "ollama": "^0.5.10"
      }
    },
    "node_modules/ollama": {
      "version": "0.5.10",
      "resolved": "https://registry.npmjs.org/ollama/-/ollama-0.5.10.tgz",
      "integrity": "sha512-M5O4u6S6yZeeKFrKA7ZfGGLjK54otOVGPrOUc3N64zSTpz9J+x/nh93dmD6Py7YLgXzq9I6Nq+PDDoaqJuV3LQ==",
      "license": "MIT",
      "dependencies": {
        "whatwg-fetch": "^3.6.20"
      }
    },
    "node_modules/whatwg-fetch": {
      "version": "3.6.20",
      "resolved": "https://registry.npmjs.org/whatwg-fetch/-/whatwg-fetch-3.6.20.tgz",
      "integrity": "sha512-EqhiFU6daOA8kpjOWTL0olhVOF3i7OrFzSYiGsEMB8GcXS+RrzauAERX65xMeNWVqxA6HXH2m69Z9LaKKdisfg==",
      "license": "MIT"
    }
  }
}
